
Microsoft Visual Studio Solution File, Format Version 12.00
# Visual Studio Version 17
VisualStudioVersion = 17.11.35219.272
MinimumVisualStudioVersion = 10.0.40219.1
Project("{FAE04EC0-301F-11D3-BF4B-00C04F79EFBC}") = "Fraga_6", "Fraga_6\Fraga_6.csproj", "{F41A7821-CFB5-47C0-8001-443D9990ED52}"
EndProject
Global
	GlobalSection(SolutionConfigurationPlatforms) = preSolution
		Debug|Any CPU = Debug|Any CPU
		Release|Any CPU = Release|Any CPU
	EndGlobalSection
	GlobalSection(ProjectConfigurationPlatforms) = postSolution
		{F41A7821-CFB5-47C0-8001-443D9990ED52}.Debug|Any CPU.ActiveCfg = Debug|Any CPU
		{F41A7821-CFB5-47C0-8001-443D9990ED52}.Debug|Any CPU.Build.0 = Debug|Any CPU
		{F41A7821-CFB5-47C0-8001-443D9990ED52}.Release|Any CPU.ActiveCfg = Release|Any CPU
		{F41A7821-CFB5-47C0-8001-443D9990ED52}.Release|Any CPU.Build.0 = Release|Any CPU
	EndGlobalSection
	GlobalSection(SolutionProperties) = preSolution
		HideSolutionNode = FALSE
	EndGlobalSection
	GlobalSection(ExtensibilityGlobals) = postSolution
		SolutionGuid = {D9C3D1FB-61D4-436C-9150-686A4F69BA8B}
	EndGlobalSection
EndGlobal
